{
  "name": "nexus-han-sans",
  "version": "0.0.1",
  "lockfileVersion": 3,
  "requires": true,
  "packages": {
    "": {
      "name": "nexus-han-sans",
      "version": "0.0.1",
      "dependencies": {
        "ot-builder": "^1.7.4",
        "otb-ttc-bundle": "^1.7.4"
      },
      "engines": {
        "node": ">=20.0.0"
      }
    },
    "node_modules/@ot-builder/bin-composite-types": {
      "version": "1.8.0",
      "resolved": "https://registry.npmjs.org/@ot-builder/bin-composite-types/-/bin-composite-types-1.8.0.tgz",
      "integrity": "sha512-81G0+ZgPz7llnHhlmXi0sNZpqWIWBpADoJTRaE1CdOhHbC9z/9rSWEzB9J/Em3ZdWzqzkH5oGv/nzgm8pBnPCQ==",
      "license": "MIT",
      "dependencies": {
        "@ot-builder/bin-util": "1.8.0",
        "@ot-builder/errors": "1.8.0",
        "@ot-builder/prelude": "1.8.0",
        "tslib": "^2.8.1"
      }
    },
    "node_modules/@ot-builder/bin-util": {
      "version": "1.8.0",
      "resolved": "https://registry.npmjs.org/@ot-builder/bin-util/-/bin-util-1.8.0.tgz",
      "integrity": "sha512-VUViLzyCfzx/LIjiorHdGkez9DYBOWJ+DHPZwiW9vZ8OdWTqC3cO3OypK48qwmI1B6iR58xoZgJCAuDHUleh0w==",
      "license": "MIT",
      "dependencies": {
        "@ot-builder/common-impl": "1.8.0",
        "@ot-builder/errors": "1.8.0",
        "@ot-builder/prelude": "1.8.0",
        "tslib": "^2.8.1"
      }
    },
    "node_modules/@ot-builder/cli-help-shower": {
      "version": "1.8.0",
      "resolved": "https://registry.npmjs.org/@ot-builder/cli-help-shower/-/cli-help-shower-1.8.0.tgz",
      "integrity": "sha512-I9Bsfgk2asAq+JmYi5PbFfdldMWJhFcOSWjGfDEzlbYWM/BHSEmZiDudjRfeK3B/D3prktmmR/VYjJQu5NDQ4Q==",
      "license": "MIT",
      "dependencies": {
        "picocolors": "^1.1.1",
        "tslib": "^2.8.1"
      }
    },
    "node_modules/@ot-builder/cli-proc": {
      "version": "1.8.0",
      "resolved": "https://registry.npmjs.org/@ot-builder/cli-proc/-/cli-proc-1.8.0.tgz",
      "integrity": "sha512-xUiEv2bSj492lIQmwvuWASUQV/8ve16g1kQIknxCZjpTVYYwlDZKkxFoYXUXqfeCuY+9n8pUUBjEcE3nrBFKcA==",
      "license": "MIT",
      "dependencies": {
        "@ot-builder/common-impl": "1.8.0",
        "@ot-builder/io-bin-font": "1.8.0",
        "@ot-builder/ot": "1.8.0",
        "@ot-builder/prelude": "1.8.0",
        "@ot-builder/primitive": "1.8.0",
        "@ot-builder/rectify": "1.8.0",
        "@ot-builder/trace": "1.8.0",
        "tslib": "^2.8.1"
      }
    },
    "node_modules/@ot-builder/cli-shared": {
      "version": "1.8.0",
      "resolved": "https://registry.npmjs.org/@ot-builder/cli-shared/-/cli-shared-1.8.0.tgz",
      "integrity": "sha512-453Ds/0k2QMzIHvVWMNmQk3bOKd0EJ+3YO2C5n0Ko9DYYGdyLP5VXId6aqqV/Yhc20wiYCNV1sfFDFyIm8CKRA==",
      "license": "MIT",
      "dependencies": {
        "@ot-builder/io-bin-font": "1.8.0",
        "@ot-builder/ot": "1.8.0",
        "tslib": "^2.8.1"
      }
    },
    "node_modules/@ot-builder/common-impl": {
      "version": "1.8.0",
      "resolved": "https://registry.npmjs.org/@ot-builder/common-impl/-/common-impl-1.8.0.tgz",
      "integrity": "sha512-U2pcbqNWUdQ79nqKGyK95py5/VtY0jpr+F1iLtV28aDlAAmY00XvzdLM3aeziDIWzvoDCnBV1kPbm7l95F9gUQ==",
      "license": "MIT",
      "dependencies": {
        "@ot-builder/prelude": "1.8.0",
        "tslib": "^2.8.1"
      }
    },
    "node_modules/@ot-builder/errors": {
      "version": "1.8.0",
      "resolved": "https://registry.npmjs.org/@ot-builder/errors/-/errors-1.8.0.tgz",
      "integrity": "sha512-aPiiS6mG32NUk0K9o0S6sepKMKLmRTmU8VyhifBszl6veLxzVNlQpLG+YoCukrYDPUi8wvWQTtulPxj9R1GewA==",
      "license": "MIT",
      "dependencies": {
        "tslib": "^2.8.1"
      }
    },
    "node_modules/@ot-builder/io-bin-cff": {
      "version": "1.8.0",
      "resolved": "https://registry.npmjs.org/@ot-builder/io-bin-cff/-/io-bin-cff-1.8.0.tgz",
      "integrity": "sha512-wyj5NcDcUOqON0CSMNSuE9EQNzNKouWXlu5ZgFCbyPkGsmhEmLpaOMt3200so1/hBAZi+Fo01skaBtpWHZVSgg==",
      "license": "MIT",
      "dependencies": {
        "@ot-builder/bin-composite-types": "1.8.0",
        "@ot-builder/bin-util": "1.8.0",
        "@ot-builder/common-impl": "1.8.0",
        "@ot-builder/errors": "1.8.0",
        "@ot-builder/ot-glyphs": "1.8.0",
        "@ot-builder/ot-metadata": "1.8.0",
        "@ot-builder/prelude": "1.8.0",
        "@ot-builder/primitive": "1.8.0",
        "@ot-builder/stat-glyphs": "1.8.0",
        "@ot-builder/var-store": "1.8.0",
        "@ot-builder/variance": "1.8.0",
        "tslib": "^2.8.1"
      }
    },
    "node_modules/@ot-builder/io-bin-encoding": {
      "version": "1.8.0",
      "resolved": "https://registry.npmjs.org/@ot-builder/io-bin-encoding/-/io-bin-encoding-1.8.0.tgz",
      "integrity": "sha512-1WL7DKowkfpohwfyErOMxH+3zZv8M6IIqJH/Xk+QUsqY6NpAYohIi0Ypgwu6F9dP9HfYHs16o54Sf+r//qXLRA==",
      "license": "MIT",
      "dependencies": {
        "@ot-builder/bin-util": "1.8.0",
        "@ot-builder/errors": "1.8.0",
        "@ot-builder/io-bin-sfnt": "1.8.0",
        "@ot-builder/ot-encoding": "1.8.0",
        "@ot-builder/ot-glyphs": "1.8.0",
        "@ot-builder/ot-metadata": "1.8.0",
        "@ot-builder/ot-sfnt": "1.8.0",
        "@ot-builder/prelude": "1.8.0",
        "@ot-builder/primitive": "1.8.0",
        "tslib": "^2.8.1"
      }
    },
    "node_modules/@ot-builder/io-bin-ext-private": {
      "version": "1.8.0",
      "resolved": "https://registry.npmjs.org/@ot-builder/io-bin-ext-private/-/io-bin-ext-private-1.8.0.tgz",
      "integrity": "sha512-z/lDbBYuDHtosjba53bDPbBukAoPHKEWj99f6k7BckVaSFrAm7U2P9vSiU0EkAaQkaViEZQRFPEThzd7G8pOYw==",
      "license": "MIT",
      "dependencies": {
        "@ot-builder/bin-util": "1.8.0",
        "@ot-builder/errors": "1.8.0",
        "@ot-builder/io-bin-sfnt": "1.8.0",
        "@ot-builder/ot-ext-private": "1.8.0",
        "@ot-builder/ot-glyphs": "1.8.0",
        "@ot-builder/ot-metadata": "1.8.0",
        "@ot-builder/ot-sfnt": "1.8.0",
        "@ot-builder/prelude": "1.8.0",
        "@ot-builder/primitive": "1.8.0",
        "tslib": "^2.8.1"
      }
    },
    "node_modules/@ot-builder/io-bin-font": {
      "version": "1.8.0",
      "resolved": "https://registry.npmjs.org/@ot-builder/io-bin-font/-/io-bin-font-1.8.0.tgz",
      "integrity": "sha512-hzJqtmoQQ8AhRqfB8ERIlXDQi75MgGFIVEdYhiY/DjH3VEw7kZB1UGN8JpsASDy5ohVPuym/EKZZj3NB9DwvWQ==",
      "license": "MIT",
      "dependencies": {
        "@ot-builder/bin-util": "1.8.0",
        "@ot-builder/io-bin-encoding": "1.8.0",
        "@ot-builder/io-bin-ext-private": "1.8.0",
        "@ot-builder/io-bin-glyph-store": "1.9.0",
        "@ot-builder/io-bin-layout": "1.8.0",
        "@ot-builder/io-bin-metadata": "1.8.0",
        "@ot-builder/io-bin-name": "1.8.0",
        "@ot-builder/io-bin-sfnt": "1.8.0",
        "@ot-builder/io-bin-vtt-private": "1.8.0",
        "@ot-builder/ot": "1.8.0",
        "@ot-builder/ot-encoding": "1.8.0",
        "@ot-builder/ot-ext-private": "1.8.0",
        "@ot-builder/ot-glyphs": "1.8.0",
        "@ot-builder/ot-layout": "1.8.0",
        "@ot-builder/ot-metadata": "1.8.0",
        "@ot-builder/ot-name": "1.8.0",
        "@ot-builder/ot-sfnt": "1.8.0",
        "@ot-builder/ot-vtt-private": "1.8.0",
        "@ot-builder/prelude": "1.8.0",
        "tslib": "^2.8.1"
      }
    },
    "node_modules/@ot-builder/io-bin-glyph-store": {
      "version": "1.9.0",
      "resolved": "https://registry.npmjs.org/@ot-builder/io-bin-glyph-store/-/io-bin-glyph-store-1.9.0.tgz",
      "integrity": "sha512-I04ZapA/Z194Ix2FTcTsiJd8pTzNzPl2TIR+uJ8dDEHpU9Y8VSblXp5NQf51BYbubPfZFhctJzS63P3QRmJepg==",
      "license": "MIT",
      "dependencies": {
        "@ot-builder/bin-util": "1.8.0",
        "@ot-builder/common-impl": "1.8.0",
        "@ot-builder/errors": "1.8.0",
        "@ot-builder/io-bin-cff": "1.8.0",
        "@ot-builder/io-bin-metric": "1.8.0",
        "@ot-builder/io-bin-sfnt": "1.8.0",
        "@ot-builder/io-bin-ttf": "1.9.0",
        "@ot-builder/ot-glyphs": "1.8.0",
        "@ot-builder/ot-metadata": "1.8.0",
        "@ot-builder/ot-sfnt": "1.8.0",
        "@ot-builder/prelude": "1.8.0",
        "@ot-builder/primitive": "1.8.0",
        "@ot-builder/stat-glyphs": "1.8.0",
        "@ot-builder/var-store": "1.8.0",
        "@ot-builder/variance": "1.8.0",
        "tslib": "^2.8.1"
      }
    },
    "node_modules/@ot-builder/io-bin-layout": {
      "version": "1.8.0",
      "resolved": "https://registry.npmjs.org/@ot-builder/io-bin-layout/-/io-bin-layout-1.8.0.tgz",
      "integrity": "sha512-sQWig8W/GLosi5VuZTFTXepd0GD3ffAnH/u9d/ZOVydAzlKLE4MtmjY8MEADnJtnqQzltuRLgHKOvu808fiE7A==",
      "license": "MIT",
      "dependencies": {
        "@ot-builder/bin-composite-types": "1.8.0",
        "@ot-builder/bin-util": "1.8.0",
        "@ot-builder/common-impl": "1.8.0",
        "@ot-builder/errors": "1.8.0",
        "@ot-builder/io-bin-sfnt": "1.8.0",
        "@ot-builder/ot-glyphs": "1.8.0",
        "@ot-builder/ot-layout": "1.8.0",
        "@ot-builder/ot-metadata": "1.8.0",
        "@ot-builder/ot-sfnt": "1.8.0",
        "@ot-builder/prelude": "1.8.0",
        "@ot-builder/primitive": "1.8.0",
        "@ot-builder/var-store": "1.8.0",
        "@ot-builder/variance": "1.8.0",
        "tslib": "^2.8.1"
      }
    },
    "node_modules/@ot-builder/io-bin-metadata": {
      "version": "1.8.0",
      "resolved": "https://registry.npmjs.org/@ot-builder/io-bin-metadata/-/io-bin-metadata-1.8.0.tgz",
      "integrity": "sha512-aKAuuVtU8nC5FdCoeL2SYfz7IUc26yb78mUlWuwZeHYVmqk49lcaC51MleFavsHx1mafc04vc2FStsPy1r7G6w==",
      "license": "MIT",
      "dependencies": {
        "@ot-builder/bin-composite-types": "1.8.0",
        "@ot-builder/bin-util": "1.8.0",
        "@ot-builder/common-impl": "1.8.0",
        "@ot-builder/errors": "1.8.0",
        "@ot-builder/io-bin-sfnt": "1.8.0",
        "@ot-builder/ot-metadata": "1.8.0",
        "@ot-builder/ot-sfnt": "1.8.0",
        "@ot-builder/prelude": "1.8.0",
        "@ot-builder/primitive": "1.8.0",
        "@ot-builder/var-store": "1.8.0",
        "@ot-builder/variance": "1.8.0",
        "tslib": "^2.8.1"
      }
    },
    "node_modules/@ot-builder/io-bin-metric": {
      "version": "1.8.0",
      "resolved": "https://registry.npmjs.org/@ot-builder/io-bin-metric/-/io-bin-metric-1.8.0.tgz",
      "integrity": "sha512-VLTtOFC98bjaOpXKclk2Fi5tiD5/i4u7x1QM7pq1sRzfCR5mj1M1d7a7ZlzxTXOwhUB0pRSpRYPadjsM1YGiRg==",
      "license": "MIT",
      "dependencies": {
        "@ot-builder/bin-util": "1.8.0",
        "@ot-builder/common-impl": "1.8.0",
        "@ot-builder/errors": "1.8.0",
        "@ot-builder/ot-glyphs": "1.8.0",
        "@ot-builder/ot-metadata": "1.8.0",
        "@ot-builder/prelude": "1.8.0",
        "@ot-builder/primitive": "1.8.0",
        "@ot-builder/var-store": "1.8.0",
        "@ot-builder/variance": "1.8.0",
        "tslib": "^2.8.1"
      }
    },
    "node_modules/@ot-builder/io-bin-name": {
      "version": "1.8.0",
      "resolved": "https://registry.npmjs.org/@ot-builder/io-bin-name/-/io-bin-name-1.8.0.tgz",
      "integrity": "sha512-43xqM6OcIWMZljyMRyX3TgIhGn1TMIZJmB64sfdaKKXjS98UerOB3Fz1YofZfW+XFbk5BfaiAaW/UCdGParZNA==",
      "license": "MIT",
      "dependencies": {
        "@ot-builder/bin-util": "1.8.0",
        "@ot-builder/common-impl": "1.8.0",
        "@ot-builder/errors": "1.8.0",
        "@ot-builder/io-bin-sfnt": "1.8.0",
        "@ot-builder/ot-glyphs": "1.8.0",
        "@ot-builder/ot-metadata": "1.8.0",
        "@ot-builder/ot-name": "1.8.0",
        "@ot-builder/ot-sfnt": "1.8.0",
        "@ot-builder/prelude": "1.8.0",
        "@ot-builder/primitive": "1.8.0",
        "iconv-lite": "^0.7.2",
        "tslib": "^2.8.1"
      }
    },
    "node_modules/@ot-builder/io-bin-sfnt": {
      "version": "1.8.0",
      "resolved": "https://registry.npmjs.org/@ot-builder/io-bin-sfnt/-/io-bin-sfnt-1.8.0.tgz",
      "integrity": "sha512-d6w2IZPkPxZ2YpMBuGE0lULq/HoPhh8Tgwcp1LogfOmjuoUm4ilJ2hatt3aM0KxsMDtb9O8m0ARnBBu0HvfpBQ==",
      "license": "MIT",
      "dependencies": {
        "@ot-builder/bin-util": "1.8.0",
        "@ot-builder/common-impl": "1.8.0",
        "@ot-builder/errors": "1.8.0",
        "@ot-builder/ot-sfnt": "1.8.0",
        "@ot-builder/prelude": "1.8.0",
        "@ot-builder/primitive": "1.8.0",
        "tslib": "^2.8.1"
      }
    },
    "node_modules/@ot-builder/io-bin-ttf": {
      "version": "1.9.0",
      "resolved": "https://registry.npmjs.org/@ot-builder/io-bin-ttf/-/io-bin-ttf-1.9.0.tgz",
      "integrity": "sha512-12lduBFFFN2qR9J5kbPVxQ6dti7t1NYxWO+UDpYd2XEgf/iZBWFwhI0DrZ/Hkp0kxUEd9YIJ4HXUfDGUGl6ikw==",
      "license": "MIT",
      "dependencies": {
        "@ot-builder/bin-util": "1.8.0",
        "@ot-builder/common-impl": "1.8.0",
        "@ot-builder/errors": "1.8.0",
        "@ot-builder/ot-glyphs": "1.8.0",
        "@ot-builder/ot-metadata": "1.8.0",
        "@ot-builder/prelude": "1.8.0",
        "@ot-builder/primitive": "1.8.0",
        "@ot-builder/stat-glyphs": "1.8.0",
        "@ot-builder/var-store": "1.8.0",
        "@ot-builder/variance": "1.8.0",
        "tslib": "^2.8.1"
      }
    },
    "node_modules/@ot-builder/io-bin-vtt-private": {
      "version": "1.8.0",
      "resolved": "https://registry.npmjs.org/@ot-builder/io-bin-vtt-private/-/io-bin-vtt-private-1.8.0.tgz",
      "integrity": "sha512-q8knt8HcIjQhBT6ihFB83bjtZ9XB2gqwVYWDe4+0H2gbcJk46XJ4a1tItqr7nIQdS+Urys375AW/H1JdB6XZEA==",
      "license": "MIT",
      "dependencies": {
        "@ot-builder/bin-util": "1.8.0",
        "@ot-builder/errors": "1.8.0",
        "@ot-builder/io-bin-sfnt": "1.8.0",
        "@ot-builder/io-bin-ttf": "1.9.0",
        "@ot-builder/ot-glyphs": "1.8.0",
        "@ot-builder/ot-metadata": "1.8.0",
        "@ot-builder/ot-sfnt": "1.8.0",
        "@ot-builder/ot-vtt-private": "1.8.0",
        "@ot-builder/prelude": "1.8.0",
        "@ot-builder/primitive": "1.8.0",
        "@ot-builder/variance": "1.8.0",
        "iconv-lite": "^0.7.2",
        "tslib": "^2.8.1"
      }
    },
    "node_modules/@ot-builder/ot": {
      "version": "1.8.0",
      "resolved": "https://registry.npmjs.org/@ot-builder/ot/-/ot-1.8.0.tgz",
      "integrity": "sha512-nIo7BLJDmPkmfoZmraC/Rh4i2A/2EhutRgJrpj29ttF8rn9rJlv5MgC8HM/pumqlZ2in2itUcLDG4HsyE/Y/cw==",
      "license": "MIT",
      "dependencies": {
        "@ot-builder/common-impl": "1.8.0",
        "@ot-builder/ot-encoding": "1.8.0",
        "@ot-builder/ot-ext-private": "1.8.0",
        "@ot-builder/ot-glyphs": "1.8.0",
        "@ot-builder/ot-layout": "1.8.0",
        "@ot-builder/ot-metadata": "1.8.0",
        "@ot-builder/ot-name": "1.8.0",
        "@ot-builder/ot-sfnt": "1.8.0",
        "@ot-builder/ot-standard-glyph-namer": "1.8.0",
        "@ot-builder/ot-vtt-private": "1.8.0",
        "@ot-builder/prelude": "1.8.0",
        "@ot-builder/variance": "1.8.0",
        "tslib": "^2.8.1"
      }
    },
    "node_modules/@ot-builder/ot-encoding": {
      "version": "1.8.0",
      "resolved": "https://registry.npmjs.org/@ot-builder/ot-encoding/-/ot-encoding-1.8.0.tgz",
      "integrity": "sha512-ltB3eDJuEauS8Y0o8efWF1O9HvycBBYt9TV56s16Wn83oOIFxjcNu4tE10XyaiYlifslIX+XcgtP/uVhAvgKdQ==",
      "license": "MIT",
      "dependencies": {
        "@ot-builder/ot-glyphs": "1.8.0",
        "@ot-builder/prelude": "1.8.0",
        "tslib": "^2.8.1"
      }
    },
    "node_modules/@ot-builder/ot-ext-private": {
      "version": "1.8.0",
      "resolved": "https://registry.npmjs.org/@ot-builder/ot-ext-private/-/ot-ext-private-1.8.0.tgz",
      "integrity": "sha512-gMEUpQEd54ae04XBrhP6XQDECW2TGQ5XFNecDz6KWqKzWRRujxCQT4eOp6dV7aTj2v89qeAX4YmI4Jv4JOqSqA==",
      "license": "MIT",
      "dependencies": {
        "@ot-builder/ot-glyphs": "1.8.0",
        "@ot-builder/prelude": "1.8.0",
        "tslib": "^2.8.1"
      }
    },
    "node_modules/@ot-builder/ot-glyphs": {
      "version": "1.8.0",
      "resolved": "https://registry.npmjs.org/@ot-builder/ot-glyphs/-/ot-glyphs-1.8.0.tgz",
      "integrity": "sha512-G2eOTgsTWdvBZOQUGWOmCnRyV6ZInMHtX6k8F9ygffCh+nWoJh7d8ke+yyS9Ac8heMG6zE21iZpMClktzRDdDg==",
      "license": "MIT",
      "dependencies": {
        "@ot-builder/common-impl": "1.8.0",
        "@ot-builder/prelude": "1.8.0",
        "@ot-builder/primitive": "1.8.0",
        "@ot-builder/variance": "1.8.0",
        "tslib": "^2.8.1"
      }
    },
    "node_modules/@ot-builder/ot-layout": {
      "version": "1.8.0",
      "resolved": "https://registry.npmjs.org/@ot-builder/ot-layout/-/ot-layout-1.8.0.tgz",
      "integrity": "sha512-PjTSGMEDFtUkhl/889gfyCbF4BLE/Xe4lBUJG0F8iDvxspeKdrj524ycgS/qXjyC/HjmOL3ScYF67duynT/nCw==",
      "license": "MIT",
      "dependencies": {
        "@ot-builder/ot-glyphs": "1.8.0",
        "@ot-builder/prelude": "1.8.0",
        "@ot-builder/primitive": "1.8.0",
        "@ot-builder/variance": "1.8.0",
        "tslib": "^2.8.1"
      }
    },
    "node_modules/@ot-builder/ot-metadata": {
      "version": "1.8.0",
      "resolved": "https://registry.npmjs.org/@ot-builder/ot-metadata/-/ot-metadata-1.8.0.tgz",
      "integrity": "sha512-OdBnTjEJcXbR+bO4Jpi5T6HIaYeKuqRIfpOwoThhqox1n5nEvNNaC+IJpn0GUuTagbJBJ90ox/RC1GW+kkuZpw==",
      "license": "MIT",
      "dependencies": {
        "@ot-builder/common-impl": "1.8.0",
        "@ot-builder/prelude": "1.8.0",
        "@ot-builder/primitive": "1.8.0",
        "@ot-builder/variance": "1.8.0",
        "tslib": "^2.8.1"
      }
    },
    "node_modules/@ot-builder/ot-name": {
      "version": "1.8.0",
      "resolved": "https://registry.npmjs.org/@ot-builder/ot-name/-/ot-name-1.8.0.tgz",
      "integrity": "sha512-5rT84MqHOiBTZTG4TqiU6kaqg2qxHTKRmNpV4qG3pcNyDc+hBKGAC3jKbs0vTjNYbuBglP8YoOjuOiHpN1uZwQ==",
      "license": "MIT",
      "dependencies": {
        "@ot-builder/prelude": "1.8.0",
        "@ot-builder/primitive": "1.8.0",
        "tslib": "^2.8.1"
      }
    },
    "node_modules/@ot-builder/ot-sfnt": {
      "version": "1.8.0",
      "resolved": "https://registry.npmjs.org/@ot-builder/ot-sfnt/-/ot-sfnt-1.8.0.tgz",
      "integrity": "sha512-ApOV8ril8p2fOVPpJPJ0O8Fm7YNtpQxP/aD9K110fO1dHboc91/WBfgAJC8LXvqUSPhaqKlpg3nnvteQrfa1Qw==",
      "license": "MIT",
      "dependencies": {
        "@ot-builder/prelude": "1.8.0",
        "@ot-builder/primitive": "1.8.0",
        "tslib": "^2.8.1"
      }
    },
    "node_modules/@ot-builder/ot-standard-glyph-namer": {
      "version": "1.8.0",
      "resolved": "https://registry.npmjs.org/@ot-builder/ot-standard-glyph-namer/-/ot-standard-glyph-namer-1.8.0.tgz",
      "integrity": "sha512-dEHm8T0rUcJbHXyu+ck7qy2gwzI3MpAJ7dQfzlPM5IiGdapDrHsikBsmCCD/B1TCDeRSJSVcNLjUKczNBzpcUw==",
      "license": "MIT",
      "dependencies": {
        "@ot-builder/ot-glyphs": "1.8.0",
        "@ot-builder/prelude": "1.8.0",
        "aglfn": "^1.0.2",
        "tslib": "^2.8.1"
      }
    },
    "node_modules/@ot-builder/ot-vtt-private": {
      "version": "1.8.0",
      "resolved": "https://registry.npmjs.org/@ot-builder/ot-vtt-private/-/ot-vtt-private-1.8.0.tgz",
      "integrity": "sha512-CRHfO7zCRrMVdHMwi62qH4vVJLXqnX9RCEaigCO30eg1A01geUn5QgtJ3UV0feLdAEy/SkGpOr+YK+d6tk/5qQ==",
      "license": "MIT",
      "dependencies": {
        "@ot-builder/ot-glyphs": "1.8.0",
        "@ot-builder/prelude": "1.8.0",
        "@ot-builder/variance": "1.8.0",
        "tslib": "^2.8.1"
      }
    },
    "node_modules/@ot-builder/prelude": {
      "version": "1.8.0",
      "resolved": "https://registry.npmjs.org/@ot-builder/prelude/-/prelude-1.8.0.tgz",
      "integrity": "sha512-UAoBf1sH+VGpG/gyGSjs5gqrwQLRdSY/mBruCgXkDVjYHjkKWEAREWJ5lQzrgi2E2jfR978C1vhsMpL3Km/hNA==",
      "license": "MIT",
      "dependencies": {
        "tslib": "^2.8.1"
      }
    },
    "node_modules/@ot-builder/primitive": {
      "version": "1.8.0",
      "resolved": "https://registry.npmjs.org/@ot-builder/primitive/-/primitive-1.8.0.tgz",
      "integrity": "sha512-wtsncqwEVJAZ3cWuB5PbOiWJh3R13T/guOFHx3tjE3vkozsV1eUpSRRNCXCS7omHYOyPPEqGJ4UPz1q3nmGTmA==",
      "license": "MIT",
      "dependencies": {
        "@ot-builder/bin-util": "1.8.0",
        "@ot-builder/errors": "1.8.0",
        "@ot-builder/prelude": "1.8.0",
        "tslib": "^2.8.1"
      }
    },
    "node_modules/@ot-builder/rectify": {
      "version": "1.8.0",
      "resolved": "https://registry.npmjs.org/@ot-builder/rectify/-/rectify-1.8.0.tgz",
      "integrity": "sha512-scOnITK3lE5GzXbXjoRLy0O/OLewJAG6u6qxL1lJfLWiO+++4zZLm1XsVkrIFLwxBctQzB33vdVw37tu0Ut9BA==",
      "license": "MIT",
      "dependencies": {
        "@ot-builder/common-impl": "1.8.0",
        "@ot-builder/ot": "1.8.0",
        "@ot-builder/ot-glyphs": "1.8.0",
        "@ot-builder/ot-metadata": "1.8.0",
        "@ot-builder/prelude": "1.8.0",
        "@ot-builder/variance": "1.8.0",
        "tslib": "^2.8.1"
      }
    },
    "node_modules/@ot-builder/stat-glyphs": {
      "version": "1.8.0",
      "resolved": "https://registry.npmjs.org/@ot-builder/stat-glyphs/-/stat-glyphs-1.8.0.tgz",
      "integrity": "sha512-NVfHbQwybvn2p8MPbsau/toxGAjtWLKyqdzGuhj6evRQEQqbGOd5RgvV7y5lh12tHTsryPzmyf+C1AmWoaJOFg==",
      "license": "MIT",
      "dependencies": {
        "@ot-builder/bin-composite-types": "1.8.0",
        "@ot-builder/common-impl": "1.8.0",
        "@ot-builder/ot-glyphs": "1.8.0",
        "@ot-builder/ot-metadata": "1.8.0",
        "@ot-builder/prelude": "1.8.0",
        "@ot-builder/primitive": "1.8.0",
        "@ot-builder/variance": "1.8.0",
        "tslib": "^2.8.1"
      }
    },
    "node_modules/@ot-builder/trace": {
      "version": "1.8.0",
      "resolved": "https://registry.npmjs.org/@ot-builder/trace/-/trace-1.8.0.tgz",
      "integrity": "sha512-uj3jtCFFT31HzcjNW9bjTwPOxfOZJWAgOJwvn7h/WTN+V/CgOaAu3s4eA5hEkwR3N4TajbGoRQjlPS1I+gPvFQ==",
      "license": "MIT",
      "dependencies": {
        "@ot-builder/common-impl": "1.8.0",
        "@ot-builder/ot": "1.8.0",
        "@ot-builder/ot-glyphs": "1.8.0",
        "@ot-builder/ot-metadata": "1.8.0",
        "@ot-builder/prelude": "1.8.0",
        "@ot-builder/variance": "1.8.0",
        "tslib": "^2.8.1"
      }
    },
    "node_modules/@ot-builder/var-store": {
      "version": "1.8.0",
      "resolved": "https://registry.npmjs.org/@ot-builder/var-store/-/var-store-1.8.0.tgz",
      "integrity": "sha512-gktpJS3+bcGWBxSLqxne7+2c3xtiUtZF+SYqP5Gw7ML16rGZLS8RhxIFZTcJHlx2GJfzCko4frjB2+Ec6SD5iA==",
      "license": "MIT",
      "dependencies": {
        "@ot-builder/bin-composite-types": "1.8.0",
        "@ot-builder/bin-util": "1.8.0",
        "@ot-builder/common-impl": "1.8.0",
        "@ot-builder/errors": "1.8.0",
        "@ot-builder/prelude": "1.8.0",
        "@ot-builder/primitive": "1.8.0",
        "@ot-builder/variance": "1.8.0",
        "tslib": "^2.8.1"
      }
    },
    "node_modules/@ot-builder/variance": {
      "version": "1.8.0",
      "resolved": "https://registry.npmjs.org/@ot-builder/variance/-/variance-1.8.0.tgz",
      "integrity": "sha512-31xixlL0N3RNz/Kn6dwBU9doAPeHao8Y71aAbPQ68T1BBOneMzTJ0igshoq9AJw7QyhXpYDXuTNk12c7wt0zgw==",
      "license": "MIT",
      "dependencies": {
        "@ot-builder/bin-composite-types": "1.8.0",
        "@ot-builder/common-impl": "1.8.0",
        "@ot-builder/prelude": "1.8.0",
        "@ot-builder/primitive": "1.8.0",
        "tslib": "^2.8.1"
      }
    },
    "node_modules/aglfn": {
      "version": "1.0.2",
      "resolved": "https://registry.npmjs.org/aglfn/-/aglfn-1.0.2.tgz",
      "integrity": "sha512-HUvXd7sNFa1aHtYgJnln2jPwzq7UAAOXhYH/+AY6BMdfXxprMxG8IrczlZn6MjjIWpYhpKR5mHwDWTgehZKO4g==",
      "license": "BSD-3-Clause"
    },
    "node_modules/iconv-lite": {
      "version": "0.7.2",
      "resolved": "https://registry.npmjs.org/iconv-lite/-/iconv-lite-0.7.2.tgz",
      "integrity": "sha512-im9DjEDQ55s9fL4EYzOAv0yMqmMBSZp6G0VvFyTMPKWxiSBHUj9NW/qqLmXUwXrrM7AvqSlTCfvqRb0cM8yYqw==",
      "license": "MIT",
      "dependencies": {
        "safer-buffer": ">= 2.1.2 < 3.0.0"
      },
      "engines": {
        "node": ">=0.10.0"
      },
      "funding": {
        "type": "opencollective",
        "url": "https://opencollective.com/express"
      }
    },
    "node_modules/ot-builder": {
      "version": "1.8.0",
      "resolved": "https://registry.npmjs.org/ot-builder/-/ot-builder-1.8.0.tgz",
      "integrity": "sha512-+keLemOJx9MgbtsO44SX1eyLln5OZakZwQrv6+Fua3AmLnnmwPrujWuNr4LaRDQHviJmdLDsLxKlFYP/OE1hrQ==",
      "license": "MIT",
      "dependencies": {
        "@ot-builder/cli-proc": "1.8.0",
        "@ot-builder/io-bin-font": "1.8.0",
        "@ot-builder/ot": "1.8.0",
        "@ot-builder/prelude": "1.8.0",
        "@ot-builder/primitive": "1.8.0",
        "@ot-builder/rectify": "1.8.0",
        "@ot-builder/trace": "1.8.0",
        "tslib": "^2.8.1"
      }
    },
    "node_modules/otb-ttc-bundle": {
      "version": "1.8.0",
      "resolved": "https://registry.npmjs.org/otb-ttc-bundle/-/otb-ttc-bundle-1.8.0.tgz",
      "integrity": "sha512-rucsT2asD9Vr3rkSpX/RN0fqZ/8H1A5IW2maV6oNlMAEL+8v2EZuzdKt9ZmBfctGs7QOFez7Mk3+ezj6hM/fYQ==",
      "license": "MIT",
      "dependencies": {
        "@ot-builder/cli-help-shower": "1.8.0",
        "@ot-builder/cli-shared": "1.8.0",
        "ot-builder": "1.8.0",
        "tslib": "^2.8.1"
      },
      "bin": {
        "otb-ttc-bundle": "bin/otb-ttc-bundle"
      }
    },
    "node_modules/picocolors": {
      "version": "1.1.1",
      "resolved": "https://registry.npmjs.org/picocolors/-/picocolors-1.1.1.tgz",
      "integrity": "sha512-xceH2snhtb5M9liqDsmEw56le376mTZkEX/jEb/RxNFyegNul7eNslCXP9FDj/Lcu0X8KEyMceP2ntpaHrDEVA==",
      "license": "ISC"
    },
    "node_modules/safer-buffer": {
      "version": "2.1.2",
      "resolved": "https://registry.npmjs.org/safer-buffer/-/safer-buffer-2.1.2.tgz",
      "integrity": "sha512-YZo3K82SD7Riyi0E1EQPojLz7kpepnSQI9IyPbHHg1XXXevb5dJI7tpyN2ADxGcQbHG7vcyRHk0cbwqcQriUtg==",
      "license": "MIT"
    },
    "node_modules/tslib": {
      "version": "2.8.1",
      "resolved": "https://registry.npmjs.org/tslib/-/tslib-2.8.1.tgz",
      "integrity": "sha512-oJFu94HQb+KVduSUQL7wnpmqnfmLsOA/nAh6b6EH0wCEoK0/mPeXU6c3wKDV83MkOuHPRHtSXKKU99IBazS/2w==",
      "license": "0BSD"
    }
  }
}
